// !$*UTF8*$!
{
	archiveVersion = 1;
	classes = {
	};
	objectVersion = 46;
	objects = {

/* Begin PBXBuildFile section */
		4B08F21C1DACE4A20070F35E /* AppDelegate.swift in Sources */ = {isa = PBXBuildFile; fileRef = 4B08F21B1DACE4A20070F35E /* AppDelegate.swift */; };
		4B08F21E1DACE4A20070F35E /* ViewController.swift in Sources */ = {isa = PBXBuildFile; fileRef = 4B08F21D1DACE4A20070F35E /* ViewController.swift */; };
		4B08F2211DACE4A20070F35E /* Main.storyboard in Resources */ = {isa = PBXBuildFile; fileRef = 4B08F21F1DACE4A20070F35E /* Main.storyboard */; };
		4B08F2231DACE4A20070F35E /* Assets.xcassets in Resources */ = {isa = PBXBuildFile; fileRef = 4B08F2221DACE4A20070F35E /* Assets.xcassets */; };
		4B08F2261DACE4A20070F35E /* LaunchScreen.storyboard in Resources */ = {isa = PBXBuildFile; fileRef = 4B08F2241DACE4A20070F35E /* LaunchScreen.storyboard */; };
		4B08F2311DACE4A20070F35E /* CalculatorTests.swift in Sources */ = {isa = PBXBuildFile; fileRef = 4B08F2301DACE4A20070F35E /* CalculatorTests.swift */; };
		4B08F23C1DACE4A20070F35E /* CalculatorUITests.swift in Sources */ = {isa = PBXBuildFile; fileRef = 4B08F23B1DACE4A20070F35E /* CalculatorUITests.swift */; };
		4B08F24B1DAD46FA0070F35E /* CalculatorBrain.swift in Sources */ = {isa = PBXBuildFile; fileRef = 4B08F24A1DAD46FA0070F35E /* CalculatorBrain.swift */; };
/* End PBXBuildFile section */

/* Begin PBXContainerItemProxy section */
		4B08F22D1DACE4A20070F35E /* PBXContainerItemProxy */ = {
			isa = PBXContainerItemProxy;
			containerPortal = 4B08F2101DACE4A20070F35E /* Project object */;
			proxyType = 1;
			remoteGlobalIDString = 4B08F2171DACE4A20070F35E;
			remoteInfo = Calculator;
		};
		4B08F2381DACE4A20070F35E /* PBXContainerItemProxy */ = {
			isa = PBXContainerItemProxy;
			containerPortal = 4B08F2101DACE4A20070F35E /* Project object */;
			proxyType = 1;
			remoteGlobalIDString = 4B08F2171DACE4A20070F35E;
			remoteInfo = Calculator;
		};
/* End PBXContainerItemProxy section */

/* Begin PBXFileReference section */
		4B08F2181DACE4A20070F35E /* Calculator.app */ = {isa = PBXFileReference; explicitFileType = wrapper.application; includeInIndex = 0; path = Calculator.app; sourceTree = BUILT_PRODUCTS_DIR; };
		4B08F21B1DACE4A20070F35E /* AppDelegate.swift */ = {isa = PBXFileReference; lastKnownFileType = sourcecode.swift; path = AppDelegate.swift; sourceTree = "<group>"; };
		4B08F21D1DACE4A20070F35E /* ViewController.swift */ = {isa = PBXFileReference; lastKnownFileType = sourcecode.swift; path = ViewController.swift; sourceTree = "<group>"; };
		4B08F2201DACE4A20070F35E /* Base */ = {isa = PBXFileReference; lastKnownFileType = file.storyboard; name = Base; path = Base.lproj/Main.storyboard; sourceTree = "<group>"; };
		4B08F2221DACE4A20070F35E /* Assets.xcassets */ = {isa = PBXFileReference; lastKnownFileType = folder.assetcatalog; path = Assets.xcassets; sourceTree = "<group>"; };
		4B08F2251DACE4A20070F35E /* Base */ = {isa = PBXFileReference; lastKnownFileType = file.storyboard; name = Base; path = Base.lproj/LaunchScreen.storyboard; sourceTree = "<group>"; };
		4B08F2271DACE4A20070F35E /* Info.plist */ = {isa = PBXFileReference; lastKnownFileType = text.plist.xml; path = Info.plist; sourceTree = "<group>"; };
		4B08F22C1DACE4A20070F35E /* CalculatorTests.xctest */ = {isa = PBXFileReference; explicitFileType = wrapper.cfbundle; includeInIndex = 0; path = CalculatorTests.xctest; sourceTree = BUILT_PRODUCTS_DIR; };
		4B08F2301DACE4A20070F35E /* CalculatorTests.swift */ = {isa = PBXFileReference; lastKnownFileType = sourcecode.swift; path = CalculatorTests.swift; sourceTree = "<group>"; };
		4B08F2321DACE4A20070F35E /* Info.plist */ = {isa = PBXFileReference; lastKnownFileType = text.plist.xml; path = Info.plist; sourceTree = "<group>"; };
		4B08F2371DACE4A20070F35E /* CalculatorUITests.xctest */ = {isa = PBXFileReference; explicitFileType = wrapper.cfbundle; includeInIndex = 0; path = CalculatorUITests.xctest; sourceTree = BUILT_PRODUCTS_DIR; };
		4B08F23B1DACE4A20070F35E /* CalculatorUITests.swift */ = {isa = PBXFileReference; lastKnownFileType = sourcecode.swift; path = CalculatorUITests.swift; sourceTree = "<group>"; };
		4B08F23D1DACE4A20070F35E /* Info.plist */ = {isa = PBXFileReference; lastKnownFileType = text.plist.xml; path = Info.plist; sourceTree = "<group>"; };
		4B08F24A1DAD46FA0070F35E /* CalculatorBrain.swift */ = {isa = PBXFileReference; fileEncoding = 4; lastKnownFileType = sourcecode.swift; name = CalculatorBrain.swift; path = Calculator/CalculatorBrain.swift; sourceTree = "<group>"; };
/* End PBXFileReference section */

/* Begin PBXFrameworksBuildPhase section */
		4B08F2151DACE4A20070F35E /* Frameworks */ = {
			isa = PBXFrameworksBuildPhase;
			buildActionMask = 2147483647;
			files = (
			);
			runOnlyForDeploymentPostprocessing = 0;
		};
		4B08F2291DACE4A20070F35E /* Frameworks */ = {
			isa = PBXFrameworksBuildPhase;
			buildActionMask = 2147483647;
			files = (
			);
			runOnlyForDeploymentPostprocessing = 0;
		};
		4B08F2341DACE4A20070F35E /* Frameworks */ = {
			isa = PBXFrameworksBuildPhase;
			buildActionMask = 2147483647;
			files = (
			);
			runOnlyForDeploymentPostprocessing = 0;
		};
/* End PBXFrameworksBuildPhase section */

/* Begin PBXGroup section */
		4B08F20F1DACE4A10070F35E = {
			isa = PBXGroup;
			children = (
				4B08F24A1DAD46FA0070F35E /* CalculatorBrain.swift */,
				4B08F21A1DACE4A20070F35E /* Calculator */,
				4B08F22F1DACE4A20070F35E /* CalculatorTests */,
				4B08F23A1DACE4A20070F35E /* CalculatorUITests */,
				4B08F2191DACE4A20070F35E /* Products */,
			);
			sourceTree = "<group>";
		};
		4B08F2191DACE4A20070F35E /* Products */ = {
			isa = PBXGroup;
			children = (
				4B08F2181DACE4A20070F35E /* Calculator.app */,
				4B08F22C1DACE4A20070F35E /* CalculatorTests.xctest */,
				4B08F2371DACE4A20070F35E /* CalculatorUITests.xctest */,
			);
			name = Products;
			sourceTree = "<group>";
		};
		4B08F21A1DACE4A20070F35E /* Calculator */ = {
			isa = PBXGroup;
			children = (
				4B08F2491DACE6290070F35E /* Supporting Files */,
				4B08F21D1DACE4A20070F35E /* ViewController.swift */,
				4B08F21F1DACE4A20070F35E /* Main.storyboard */,
			);
			path = Calculator;
			sourceTree = "<group>";
		};
		4B08F22F1DACE4A20070F35E /* CalculatorTests */ = {
			isa = PBXGroup;
			children = (
				4B08F2301DACE4A20070F35E /* CalculatorTests.swift */,
				4B08F2321DACE4A20070F35E /* Info.plist */,
			);
			path = CalculatorTests;
			sourceTree = "<group>";
		};
		4B08F23A1DACE4A20070F35E /* CalculatorUITests */ = {
			isa = PBXGroup;
			children = (
				4B08F23B1DACE4A20070F35E /* CalculatorUITests.swift */,
				4B08F23D1DACE4A20070F35E /* Info.plist */,
			);
			path = CalculatorUITests;
			sourceTree = "<group>";
		};
		4B08F2491DACE6290070F35E /* Supporting Files */ = {
			isa = PBXGroup;
			children = (
				4B08F21B1DACE4A20070F35E /* AppDelegate.swift */,
				4B08F2221DACE4A20070F35E /* Assets.xcassets */,
				4B08F2241DACE4A20070F35E /* LaunchScreen.storyboard */,
				4B08F2271DACE4A20070F35E /* Info.plist */,
			);
			name = "Supporting Files";
			sourceTree = "<group>";
		};
/* End PBXGroup section */

/* Begin PBXNativeTarget section */
		4B08F2171DACE4A20070F35E /* Calculator */ = {
			isa = PBXNativeTarget;
			buildConfigurationList = 4B08F2401DACE4A20070F35E /* Build configuration list for PBXNativeTarget "Calculator" */;
			buildPhases = (
				4B08F2141DACE4A20070F35E /* Sources */,
				4B08F2151DACE4A20070F35E /* Frameworks */,
				4B08F2161DACE4A20070F35E /* Resources */,
			);
			buildRules = (
			);
			dependencies = (
			);
			name = Calculator;
			productName = Calculator;
			productReference = 4B08F2181DACE4A20070F35E /* Calculator.app */;
			productType = "com.apple.product-type.application";
		};
		4B08F22B1DACE4A20070F35E /* CalculatorTests */ = {
			isa = PBXNativeTarget;
			buildConfigurationList = 4B08F2431DACE4A20070F35E /* Build configuration list for PBXNativeTarget "CalculatorTests" */;
			buildPhases = (
				4B08F2281DACE4A20070F35E /* Sources */,
				4B08F2291DACE4A20070F35E /* Frameworks */,
				4B08F22A1DACE4A20070F35E /* Resources */,
			);
			buildRules = (
			);
			dependencies = (
				4B08F22E1DACE4A20070F35E /* PBXTargetDependency */,
			);
			name = CalculatorTests;
			productName = CalculatorTests;
			productReference = 4B08F22C1DACE4A20070F35E /* CalculatorTests.xctest */;
			productType = "com.apple.product-type.bundle.unit-test";
		};
		4B08F2361DACE4A20070F35E /* CalculatorUITests */ = {
			isa = PBXNativeTarget;
			buildConfigurationList = 4B08F2461DACE4A20070F35E /* Build configuration list for PBXNativeTarget "CalculatorUITests" */;
			buildPhases = (
				4B08F2331DACE4A20070F35E /* Sources */,
				4B08F2341DACE4A20070F35E /* Frameworks */,
				4B08F2351DACE4A20070F35E /* Resources */,
			);
			buildRules = (
			);
			dependencies = (
				4B08F2391DACE4A20070F35E /* PBXTargetDependency */,
			);
			name = CalculatorUITests;
			productName = CalculatorUITests;
			productReference = 4B08F2371DACE4A20070F35E /* CalculatorUITests.xctest */;
			productType = "com.apple.product-type.bundle.ui-testing";
		};
/* End PBXNativeTarget section */

/* Begin PBXProject section */
		4B08F2101DACE4A20070F35E /* Project object */ = {
			isa = PBXProject;
			attributes = {
				LastSwiftUpdateCheck = 0800;
				LastUpgradeCheck = 0800;
				ORGANIZATIONNAME = "Nicolas Aubry";
				TargetAttributes = {
					4B08F2171DACE4A20070F35E = {
						CreatedOnToolsVersion = 8.0;
						ProvisioningStyle = Automatic;
					};
					4B08F22B1DACE4A20070F35E = {
						CreatedOnToolsVersion = 8.0;
						ProvisioningStyle = Automatic;
						TestTargetID = 4B08F2171DACE4A20070F35E;
					};
					4B08F2361DACE4A20070F35E = {
						CreatedOnToolsVersion = 8.0;
						ProvisioningStyle = Automatic;
						TestTargetID = 4B08F2171DACE4A20070F35E;
					};
				};
			};
			buildConfigurationList = 4B08F2131DACE4A20070F35E /* Build configuration list for PBXProject "Calculator" */;
			compatibilityVersion = "Xcode 3.2";
			developmentRegion = English;
			hasScannedForEncodings = 0;
			knownRegions = (
				en,
				Base,
			);
			mainGroup = 4B08F20F1DACE4A10070F35E;
			productRefGroup = 4B08F2191DACE4A20070F35E /* Products */;
			projectDirPath = "";
			projectRoot = "";
			targets = (
				4B08F2171DACE4A20070F35E /* Calculator */,
				4B08F22B1DACE4A20070F35E /* CalculatorTests */,
				4B08F2361DACE4A20070F35E /* CalculatorUITests */,
			);
		};
/* End PBXProject section */

/* Begin PBXResourcesBuildPhase section */
		4B08F2161DACE4A20070F35E /* Resources */ = {
			isa = PBXResourcesBuildPhase;
			buildActionMask = 2147483647;
			files = (
				4B08F2261DACE4A20070F35E /* LaunchScreen.storyboard in Resources */,
				4B08F2231DACE4A20070F35E /* Assets.xcassets in Resources */,
				4B08F2211DACE4A20070F35E /* Main.storyboard in Resources */,
			);
			runOnlyForDeploymentPostprocessing = 0;
		};
		4B08F22A1DACE4A20070F35E /* Resources */ = {
			isa = PBXResourcesBuildPhase;
			buildActionMask = 2147483647;
			files = (
			);
			runOnlyForDeploymentPostprocessing = 0;
		};
		4B08F2351DACE4A20070F35E /* Resources */ = {
			isa = PBXResourcesBuildPhase;
			buildActionMask = 2147483647;
			files = (
			);
			runOnlyForDeploymentPostprocessing = 0;
		};
/* End PBXResourcesBuildPhase section */

/* Begin PBXSourcesBuildPhase section */
		4B08F2141DACE4A20070F35E /* Sources */ = {
			isa = PBXSourcesBuildPhase;
			buildActionMask = 2147483647;
			files = (
				4B08F24B1DAD46FA0070F35E /* CalculatorBrain.swift in Sources */,
				4B08F21E1DACE4A20070F35E /* ViewController.swift in Sources */,
				4B08F21C1DACE4A20070F35E /* AppDelegate.swift in Sources */,
			);
			runOnlyForDeploymentPostprocessing = 0;
		};
		4B08F2281DACE4A20070F35E /* Sources */ = {
			isa = PBXSourcesBuildPhase;
			buildActionMask = 2147483647;
			files = (
				4B08F2311DACE4A20070F35E /* CalculatorTests.swift in Sources */,
			);
			runOnlyForDeploymentPostprocessing = 0;
		};
		4B08F2331DACE4A20070F35E /* Sources */ = {
			isa = PBXSourcesBuildPhase;
			buildActionMask = 2147483647;
			files = (
				4B08F23C1DACE4A20070F35E /* CalculatorUITests.swift in Sources */,
			);
			runOnlyForDeploymentPostprocessing = 0;
		};
/* End PBXSourcesBuildPhase section */

/* Begin PBXTargetDependency section */
		4B08F22E1DACE4A20070F35E /* PBXTargetDependency */ = {
			isa = PBXTargetDependency;
			target = 4B08F2171DACE4A20070F35E /* Calculator */;
			targetProxy = 4B08F22D1DACE4A20070F35E /* PBXContainerItemProxy */;
		};
		4B08F2391DACE4A20070F35E /* PBXTargetDependency */ = {
			isa = PBXTargetDependency;
			target = 4B08F2171DACE4A20070F35E /* Calculator */;
			targetProxy = 4B08F2381DACE4A20070F35E /* PBXContainerItemProxy */;
		};
/* End PBXTargetDependency section */

/* Begin PBXVariantGroup section */
		4B08F21F1DACE4A20070F35E /* Main.storyboard */ = {
			isa = PBXVariantGroup;
			children = (
				4B08F2201DACE4A20070F35E /* Base */,
			);
			name = Main.storyboard;
			sourceTree = "<group>";
		};
		4B08F2241DACE4A20070F35E /* LaunchScreen.storyboard */ = {
			isa = PBXVariantGroup;
			children = (
				4B08F2251DACE4A20070F35E /* Base */,
			);
			name = LaunchScreen.storyboard;
			sourceTree = "<group>";
		};
/* End PBXVariantGroup section */

/* Begin XCBuildConfiguration section */
		4B08F23E1DACE4A20070F35E /* Debug */ = {
			isa = XCBuildConfiguration;
			buildSettings = {
				ALWAYS_SEARCH_USER_PATHS = NO;
				CLANG_ANALYZER_NONNULL = YES;
				CLANG_CXX_LANGUAGE_STANDARD = "gnu++0x";
				CLANG_CXX_LIBRARY = "libc++";
				CLANG_ENABLE_MODULES = YES;
				CLANG_ENABLE_OBJC_ARC = YES;
				CLANG_WARN_BOOL_CONVERSION = YES;
				CLANG_WARN_CONSTANT_CONVERSION = YES;
				CLANG_WARN_DIRECT_OBJC_ISA_USAGE = YES_ERROR;
				CLANG_WARN_DOCUMENTATION_COMMENTS = YES;
				CLANG_WARN_EMPTY_BODY = YES;
				CLANG_WARN_ENUM_CONVERSION = YES;
				CLANG_WARN_INFINITE_RECURSION = YES;
				CLANG_WARN_INT_CONVERSION = YES;
				CLANG_WARN_OBJC_ROOT_CLASS = YES_ERROR;
				CLANG_WARN_SUSPICIOUS_MOVES = YES;
				CLANG_WARN_UNREACHABLE_CODE = YES;
				CLANG_WARN__DUPLICATE_METHOD_MATCH = YES;
				"CODE_SIGN_IDENTITY[sdk=iphoneos*]" = "iPhone Developer";
				COPY_PHASE_STRIP = NO;
				DEBUG_INFORMATION_FORMAT = dwarf;
				ENABLE_STRICT_OBJC_MSGSEND = YES;
				ENABLE_TESTABILITY = YES;
				GCC_C_LANGUAGE_STANDARD = gnu99;
				GCC_DYNAMIC_NO_PIC = NO;
				GCC_NO_COMMON_BLOCKS = YES;
				GCC_OPTIMIZATION_LEVEL = 0;
				GCC_PREPROCESSOR_DEFINITIONS = (
					"DEBUG=1",
					"$(inherited)",
				);
				GCC_WARN_64_TO_32_BIT_CONVERSION = YES;
				GCC_WARN_ABOUT_RETURN_TYPE = YES_ERROR;
				GCC_WARN_UNDECLARED_SELECTOR = YES;
				GCC_WARN_UNINITIALIZED_AUTOS = YES_AGGRESSIVE;
				GCC_WARN_UNUSED_FUNCTION = YES;
				GCC_WARN_UNUSED_VARIABLE = YES;
				IPHONEOS_DEPLOYMENT_TARGET = 10.0;
				MTL_ENABLE_DEBUG_INFO = YES;
				ONLY_ACTIVE_ARCH = YES;
				SDKROOT = iphoneos;
				SWIFT_ACTIVE_COMPILATION_CONDITIONS = DEBUG;
				SWIFT_OPTIMIZATION_LEVEL = "-Onone";
				TARGETED_DEVICE_FAMILY = "1,2";
			};
			name = Debug;
		};
		4B08F23F1DACE4A20070F35E /* Release */ = {
			isa = XCBuildConfiguration;
			buildSettings = {
				ALWAYS_SEARCH_USER_PATHS = NO;
				CLANG_ANALYZER_NONNULL = YES;
				CLANG_CXX_LANGUAGE_STANDARD = "gnu++0x";
				CLANG_CXX_LIBRARY = "libc++";
				CLANG_ENABLE_MODULES = YES;
				CLANG_ENABLE_OBJC_ARC = YES;
				CLANG_WARN_BOOL_CONVERSION = YES;
				CLANG_WARN_CONSTANT_CONVERSION = YES;
				CLANG_WARN_DIRECT_OBJC_ISA_USAGE = YES_ERROR;
				CLANG_WARN_DOCUMENTATION_COMMENTS = YES;
				CLANG_WARN_EMPTY_BODY = YES;
				CLANG_WARN_ENUM_CONVERSION = YES;
				CLANG_WARN_INFINITE_RECURSION = YES;
				CLANG_WARN_INT_CONVERSION = YES;
				CLANG_WARN_OBJC_ROOT_CLASS = YES_ERROR;
				CLANG_WARN_SUSPICIOUS_MOVES = YES;
				CLANG_WARN_UNREACHABLE_CODE = YES;
				CLANG_WARN__DUPLICATE_METHOD_MATCH = YES;
				"CODE_SIGN_IDENTITY[sdk=iphoneos*]" = "iPhone Developer";
				COPY_PHASE_STRIP = NO;
				DEBUG_INFORMATION_FORMAT = "dwarf-with-dsym";
				ENABLE_NS_ASSERTIONS = NO;
				ENABLE_STRICT_OBJC_MSGSEND = YES;
				GCC_C_LANGUAGE_STANDARD = gnu99;
				GCC_NO_COMMON_BLOCKS = YES;
				GCC_WARN_64_TO_32_BIT_CONVERSION = YES;
				GCC_WARN_ABOUT_RETURN_TYPE = YES_ERROR;
				GCC_WARN_UNDECLARED_SELECTOR = YES;
				GCC_WARN_UNINITIALIZED_AUTOS = YES_AGGRESSIVE;
				GCC_WARN_UNUSED_FUNCTION = YES;
				GCC_WARN_UNUSED_VARIABLE = YES;
				IPHONEOS_DEPLOYMENT_TARGET = 10.0;
				MTL_ENABLE_DEBUG_INFO = NO;
				SDKROOT = iphoneos;
				SWIFT_OPTIMIZATION_LEVEL = "-Owholemodule";
				TARGETED_DEVICE_FAMILY = "1,2";
				VALIDATE_PRODUCT = YES;
			};
			name = Release;
		};
		4B08F2411DACE4A20070F35E /* Debug */ = {
			isa = XCBuildConfiguration;
			buildSettings = {
				ASSETCATALOG_COMPILER_APPICON_NAME = AppIcon;
				DEVELOPMENT_TEAM = "";
				INFOPLIST_FILE = Calculator/Info.plist;
				LD_RUNPATH_SEARCH_PATHS = "$(inherited) @executable_path/Frameworks";
				PRODUCT_BUNDLE_IDENTIFIER = dev.nico.ios.Calculator;
				PRODUCT_NAME = "$(TARGET_NAME)";
				SWIFT_VERSION = 3.0;
			};
			name = Debug;
		};
		4B08F2421DACE4A20070F35E /* Release */ = {
			isa = XCBuildConfiguration;
			buildSettings = {
				ASSETCATALOG_COMPILER_APPICON_NAME = AppIcon;
				DEVELOPMENT_TEAM = "";
				INFOPLIST_FILE = Calculator/Info.plist;
				LD_RUNPATH_SEARCH_PATHS = "$(inherited) @executable_path/Frameworks";
				PRODUCT_BUNDLE_IDENTIFIER = dev.nico.ios.Calculator;
				PRODUCT_NAME = "$(TARGET_NAME)";
				SWIFT_VERSION = 3.0;
			};
			name = Release;
		};
		4B08F2441DACE4A20070F35E /* Debug */ = {
			isa = XCBuildConfiguration;
			buildSettings = {
				ALWAYS_EMBED_SWIFT_STANDARD_LIBRARIES = YES;
				BUNDLE_LOADER = "$(TEST_HOST)";
				INFOPLIST_FILE = CalculatorTests/Info.plist;
				LD_RUNPATH_SEARCH_PATHS = "$(inherited) @executable_path/Frameworks @loader_path/Frameworks";
				PRODUCT_BUNDLE_IDENTIFIER = dev.nico.ios.CalculatorTests;
				PRODUCT_NAME = "$(TARGET_NAME)";
				SWIFT_VERSION = 3.0;
				TEST_HOST = "$(BUILT_PRODUCTS_DIR)/Calculator.app/Calculator";
			};
			name = Debug;
		};
		4B08F2451DACE4A20070F35E /* Release */ = {
			isa = XCBuildConfiguration;
			buildSettings = {
				ALWAYS_EMBED_SWIFT_STANDARD_LIBRARIES = YES;
				BUNDLE_LOADER = "$(TEST_HOST)";
				INFOPLIST_FILE = CalculatorTests/Info.plist;
				LD_RUNPATH_SEARCH_PATHS = "$(inherited) @executable_path/Frameworks @loader_path/Frameworks";
				PRODUCT_BUNDLE_IDENTIFIER = dev.nico.ios.CalculatorTests;
				PRODUCT_NAME = "$(TARGET_NAME)";
				SWIFT_VERSION = 3.0;
				TEST_HOST = "$(BUILT_PRODUCTS_DIR)/Calculator.app/Calculator";
			};
			name = Release;
		};
		4B08F2471DACE4A20070F35E /* Debug */ = {
			isa = XCBuildConfiguration;
			buildSettings = {
				ALWAYS_EMBED_SWIFT_STANDARD_LIBRARIES = YES;
				INFOPLIST_FILE = CalculatorUITests/Info.plist;
				LD_RUNPATH_SEARCH_PATHS = "$(inherited) @executable_path/Frameworks @loader_path/Frameworks";
				PRODUCT_BUNDLE_IDENTIFIER = dev.nico.ios.CalculatorUITests;
				PRODUCT_NAME = "$(TARGET_NAME)";
				SWIFT_VERSION = 3.0;
				TEST_TARGET_NAME = Calculator;
			};
			name = Debug;
		};
		4B08F2481DACE4A20070F35E /* Release */ = {
			isa = XCBuildConfiguration;
			buildSettings = {
				ALWAYS_EMBED_SWIFT_STANDARD_LIBRARIES = YES;
				INFOPLIST_FILE = CalculatorUITests/Info.plist;
				LD_RUNPATH_SEARCH_PATHS = "$(inherited) @executable_path/Frameworks @loader_path/Frameworks";
				PRODUCT_BUNDLE_IDENTIFIER = dev.nico.ios.CalculatorUITests;
				PRODUCT_NAME = "$(TARGET_NAME)";
				SWIFT_VERSION = 3.0;
				TEST_TARGET_NAME = Calculator;
			};
			name = Release;
		};
/* End XCBuildConfiguration section */

/* Begin XCConfigurationList section */
		4B08F2131DACE4A20070F35E /* Build configuration list for PBXProject "Calculator" */ = {
			isa = XCConfigurationList;
			buildConfigurations = (
				4B08F23E1DACE4A20070F35E /* Debug */,
				4B08F23F1DACE4A20070F35E /* Release */,
			);
			defaultConfigurationIsVisible = 0;
			defaultConfigurationName = Release;
		};
		4B08F2401DACE4A20070F35E /* Build configuration list for PBXNativeTarget "Calculator" */ = {
			isa = XCConfigurationList;
			buildConfigurations = (
				4B08F2411DACE4A20070F35E /* Debug */,
				4B08F2421DACE4A20070F35E /* Release */,
			);
			defaultConfigurationIsVisible = 0;
			defaultConfigurationName = Release;
		};
		4B08F2431DACE4A20070F35E /* Build configuration list for PBXNativeTarget "CalculatorTests" */ = {
			isa = XCConfigurationList;
			buildConfigurations = (
				4B08F2441DACE4A20070F35E /* Debug */,
				4B08F2451DACE4A20070F35E /* Release */,
			);
			defaultConfigurationIsVisible = 0;
			defaultConfigurationName = Release;
		};
		4B08F2461DACE4A20070F35E /* Build configuration list for PBXNativeTarget "CalculatorUITests" */ = {
			isa = XCConfigurationList;
			buildConfigurations = (
				4B08F2471DACE4A20070F35E /* Debug */,
				4B08F2481DACE4A20070F35E /* Release */,
			);
			defaultConfigurationIsVisible = 0;
			defaultConfigurationName = Release;
		};
/* End XCConfigurationList section */
	};
	rootObject = 4B08F2101DACE4A20070F35E /* Project object */;
}
